
Microsoft Visual Studio Solution File, Format Version 12.00
# Visual Studio Version 17
VisualStudioVersion = 17.14.36121.58
MinimumVisualStudioVersion = 10.0.40219.1
Project("{FAE04EC0-301F-11D3-BF4B-00C04F79EFBC}") = "PETSHOP_PROJECT", "PETSHOP_PROJECT\PETSHOP_PROJECT.csproj", "{A0587061-692B-436D-B029-3CCAABD3E09D}"
EndProject
Project("{FAE04EC0-301F-11D3-BF4B-00C04F79EFBC}") = "Petshop_Server", "Petshop_Server\Petshop_Server.csproj", "{87868B6A-1C40-4983-98E3-8026FF5236AF}"
EndProject
Global
	GlobalSection(SolutionConfigurationPlatforms) = preSolution
		Debug|Any CPU = Debug|Any CPU
		Release|Any CPU = Release|Any CPU
	EndGlobalSection
	GlobalSection(ProjectConfigurationPlatforms) = postSolution
		{A0587061-692B-436D-B029-3CCAABD3E09D}.Debug|Any CPU.ActiveCfg = Debug|Any CPU
		{A0587061-692B-436D-B029-3CCAABD3E09D}.Debug|Any CPU.Build.0 = Debug|Any CPU
		{A0587061-692B-436D-B029-3CCAABD3E09D}.Release|Any CPU.ActiveCfg = Release|Any CPU
		{A0587061-692B-436D-B029-3CCAABD3E09D}.Release|Any CPU.Build.0 = Release|Any CPU
		{87868B6A-1C40-4983-98E3-8026FF5236AF}.Debug|Any CPU.ActiveCfg = Debug|Any CPU
		{87868B6A-1C40-4983-98E3-8026FF5236AF}.Debug|Any CPU.Build.0 = Debug|Any CPU
		{87868B6A-1C40-4983-98E3-8026FF5236AF}.Release|Any CPU.ActiveCfg = Release|Any CPU
		{87868B6A-1C40-4983-98E3-8026FF5236AF}.Release|Any CPU.Build.0 = Release|Any CPU
	EndGlobalSection
	GlobalSection(SolutionProperties) = preSolution
		HideSolutionNode = FALSE
	EndGlobalSection
	GlobalSection(ExtensibilityGlobals) = postSolution
		SolutionGuid = {C25BFF3E-57A3-4CE5-BD1D-77D86BFEA7E4}
	EndGlobalSection
EndGlobal
